
Microsoft Visual Studio Solution File, Format Version 12.00
# Visual Studio Version 17
VisualStudioVersion = 17.3.32929.385
MinimumVisualStudioVersion = 10.0.40219.1
Project("{FAE04EC0-301F-11D3-BF4B-00C04F79EFBC}") = "API", "src\API\API.csproj", "{8FB97576-2F2E-4431-9F77-9C1505116D16}"
EndProject
Global
	GlobalSection(SolutionConfigurationPlatforms) = preSolution
		Debug|Any CPU = Debug|Any CPU
		Release|Any CPU = Release|Any CPU
	EndGlobalSection
	GlobalSection(ProjectConfigurationPlatforms) = postSolution
		{8FB97576-2F2E-4431-9F77-9C1505116D16}.Debug|Any CPU.ActiveCfg = Debug|Any CPU
		{8FB97576-2F2E-4431-9F77-9C1505116D16}.Debug|Any CPU.Build.0 = Debug|Any CPU
		{8FB97576-2F2E-4431-9F77-9C1505116D16}.Release|Any CPU.ActiveCfg = Release|Any CPU
		{8FB97576-2F2E-4431-9F77-9C1505116D16}.Release|Any CPU.Build.0 = Release|Any CPU
	EndGlobalSection
	GlobalSection(SolutionProperties) = preSolution
		HideSolutionNode = FALSE
	EndGlobalSection
	GlobalSection(ExtensibilityGlobals) = postSolution
		SolutionGuid = {A7BAD27A-14CB-46C7-AAB2-C8C2FE4D63E4}
	EndGlobalSection
EndGlobal
